{
  "version": 4,
  "terraform_version": "1.7.3",
  "serial": 305,
  "lineage": "4e99a5b2-806a-c168-88be-a0e3c2c20e17",
  "outputs": {
    "app-alb_arn": {
      "value": "arn:aws:elasticloadbalancing:ap-south-1:324354002889:loadbalancer/app/tf-apptier-alb/d1c7a385d14ae1a2",
      "type": "string"
    },
    "appTier-tg-arn": {
      "value": "arn:aws:elasticloadbalancing:ap-south-1:324354002889:targetgroup/tf-appTier-tg/fedbf66940b459dc",
      "type": "string"
    },
    "apptier_lt-id": {
      "value": "lt-0d8f379e30d3496c1",
      "type": "string"
    },
    "eip_id": {
      "value": "eipalloc-09df10cef6b340b8f",
      "type": "string"
    },
    "igw_id": {
      "value": "igw-0dacad5f1a721995c",
      "type": "string"
    },
    "nat_id": {
      "value": "nat-093b2e86abe36f81b",
      "type": "string"
    },
    "private_rt_id": {
      "value": "rtb-0c7cc4735820feb23",
      "type": "string"
    },
    "public_rt_id": {
      "value": "rtb-086f12620ae167b3a",
      "type": "string"
    },
    "sg_alb_app_id": {
      "value": "sg-040893827d60c5c91",
      "type": "string"
    },
    "sg_alb_web_id": {
      "value": "sg-0e989370ca1300c09",
      "type": "string"
    },
    "sg_rds_id": {
      "value": "sg-02fcd362ba224d5df",
      "type": "string"
    },
    "subnet-priv-1a-id": {
      "value": "subnet-0ae028af8ddeced95",
      "type": "string"
    },
    "subnet-priv-1b-id": {
      "value": "subnet-099454e11f5f79522",
      "type": "string"
    },
    "subnet-pub-1a-id": {
      "value": "subnet-0b27ca2105b78bdf0",
      "type": "string"
    },
    "subnet-pub-1b-id": {
      "value": "subnet-010a00fe72d3a62d8",
      "type": "string"
    },
    "subnet-rds-priv-1a-id": {
      "value": "subnet-0e1035f53b7e29403",
      "type": "string"
    },
    "subnet-rds-priv-1b-id": {
      "value": "subnet-02d5b0dcf3acc4b62",
      "type": "string"
    },
    "subnet_group_id": {
      "value": "tf-main",
      "type": "string"
    },
    "vpc_id": {
      "value": "vpc-0ecdc30d2e5c3d11a",
      "type": "string"
    },
    "web-alb_arn": {
      "value": "arn:aws:elasticloadbalancing:ap-south-1:324354002889:loadbalancer/app/tf-webtier-alb/3a97613cdccac12b",
      "type": "string"
    },
    "webTier-tg-arn": {
      "value": "arn:aws:elasticloadbalancing:ap-south-1:324354002889:targetgroup/tf-webTier-tg/8ef8c2895a81828f",
      "type": "string"
    },
    "webtier_lt-id": {
      "value": "lt-0fa68b644f905879e",
      "type": "string"
    }
  },
  "resources": [
    {
      "mode": "managed",
      "type": "aws_dynamodb_table",
      "name": "terraform_locks",
      "provider": "provider[\"registry.terraform.io/hashicorp/aws\"]",
      "instances": [
        {
          "schema_version": 1,
          "attributes": {
            "arn": "arn:aws:dynamodb:ap-south-1:324354002889:table/terraform-up-and-running-locks",
            "attribute": [
              {
                "name": "LockID",
                "type": "S"
              }
            ],
            "billing_mode": "PAY_PER_REQUEST",
            "deletion_protection_enabled": false,
            "global_secondary_index": [],
            "hash_key": "LockID",
            "id": "terraform-up-and-running-locks",
            "import_table": [],
            "local_secondary_index": [],
            "name": "terraform-up-and-running-locks",
            "point_in_time_recovery": [
              {
                "enabled": false
              }
            ],
            "range_key": null,
            "read_capacity": 0,
            "replica": [],
            "restore_date_time": null,
            "restore_source_name": null,
            "restore_to_latest_time": null,
            "server_side_encryption": [],
            "stream_arn": "",
            "stream_enabled": false,
            "stream_label": "",
            "stream_view_type": "",
            "table_class": "STANDARD",
            "tags": {},
            "tags_all": {},
            "timeouts": null,
            "ttl": [
              {
                "attribute_name": "",
                "enabled": false
              }
            ],
            "write_capacity": 0
          },
          "sensitive_attributes": [],
          "private": "eyJlMmJmYjczMC1lY2FhLTExZTYtOGY4OC0zNDM2M2JjN2M0YzAiOnsiY3JlYXRlIjoxODAwMDAwMDAwMDAwLCJkZWxldGUiOjYwMDAwMDAwMDAwMCwidXBkYXRlIjozNjAwMDAwMDAwMDAwfSwic2NoZW1hX3ZlcnNpb24iOiIxIn0="
        }
      ]
    },
    {
      "mode": "managed",
      "type": "aws_s3_bucket",
      "name": "mybucket",
      "provider": "provider[\"registry.terraform.io/hashicorp/aws\"]",
      "instances": [
        {
          "schema_version": 0,
          "attributes": {
            "acceleration_status": "",
            "acl": null,
            "arn": "arn:aws:s3:::s3statebackend2020",
            "bucket": "s3statebackend2020",
            "bucket_domain_name": "s3statebackend2020.s3.amazonaws.com",
            "bucket_prefix": "",
            "bucket_regional_domain_name": "s3statebackend2020.s3.ap-south-1.amazonaws.com",
            "cors_rule": [],
            "force_destroy": false,
            "grant": [
              {
                "id": "1b0d24d2c3ded8851e804aeabd2cee7441e1db0bd03f3df04ecb0707137edc36",
                "permissions": [
                  "FULL_CONTROL"
                ],
                "type": "CanonicalUser",
                "uri": ""
              }
            ],
            "hosted_zone_id": "Z11RGJOFQNVJUP",
            "id": "s3statebackend2020",
            "lifecycle_rule": [],
            "logging": [],
            "object_lock_configuration": [],
            "object_lock_enabled": false,
            "policy": "",
            "region": "ap-south-1",
            "replication_configuration": [],
            "request_payer": "BucketOwner",
            "server_side_encryption_configuration": [
              {
                "rule": [
                  {
                    "apply_server_side_encryption_by_default": [
                      {
                        "kms_master_key_id": "",
                        "sse_algorithm": "AES256"
                      }
                    ],
                    "bucket_key_enabled": false
                  }
                ]
              }
            ],
            "tags": {},
            "tags_all": {},
            "timeouts": null,
            "versioning": [
              {
                "enabled": true,
                "mfa_delete": false
              }
            ],
            "website": [],
            "website_domain": null,
            "website_endpoint": null
          },
          "sensitive_attributes": [],
          "private": "eyJlMmJmYjczMC1lY2FhLTExZTYtOGY4OC0zNDM2M2JjN2M0YzAiOnsiY3JlYXRlIjoxMjAwMDAwMDAwMDAwLCJkZWxldGUiOjM2MDAwMDAwMDAwMDAsInJlYWQiOjEyMDAwMDAwMDAwMDAsInVwZGF0ZSI6MTIwMDAwMDAwMDAwMH19"
        }
      ]
    },
    {
      "mode": "managed",
      "type": "aws_security_group_rule",
      "name": "rds_connection",
      "provider": "provider[\"registry.terraform.io/hashicorp/aws\"]",
      "instances": [
        {
          "schema_version": 2,
          "attributes": {
            "cidr_blocks": null,
            "description": "",
            "from_port": 3306,
            "id": "sgrule-525044065",
            "ipv6_cidr_blocks": null,
            "prefix_list_ids": null,
            "protocol": "tcp",
            "security_group_id": "sg-04f651011cf7a1271",
            "security_group_rule_id": "sgr-0a99906309e06dd82",
            "self": false,
            "source_security_group_id": "sg-02fcd362ba224d5df",
            "timeouts": null,
            "to_port": 3306,
            "type": "ingress"
          },
          "sensitive_attributes": [],
          "private": "eyJlMmJmYjczMC1lY2FhLTExZTYtOGY4OC0zNDM2M2JjN2M0YzAiOnsiY3JlYXRlIjozMDAwMDAwMDAwMDB9LCJzY2hlbWFfdmVyc2lvbiI6IjIifQ==",
          "dependencies": [
            "module.my_vpc.aws_vpc.my_vpc",
            "module.sg_alb_web.aws_security_group.sg",
            "module.sg_app_server.aws_security_group.sg",
            "module.sg_rds.aws_security_group.sg"
          ]
        }
      ]
    },
    {
      "module": "module.app-alb",
      "mode": "managed",
      "type": "aws_lb",
      "name": "my_alb",
      "provider": "provider[\"registry.terraform.io/hashicorp/aws\"]",
      "instances": [
        {
          "schema_version": 0,
          "attributes": {
            "access_logs": [
              {
                "bucket": "",
                "enabled": false,
                "prefix": ""
              }
            ],
            "arn": "arn:aws:elasticloadbalancing:ap-south-1:324354002889:loadbalancer/app/tf-apptier-alb/d1c7a385d14ae1a2",
            "arn_suffix": "app/tf-apptier-alb/d1c7a385d14ae1a2",
            "connection_logs": [
              {
                "bucket": "",
                "enabled": false,
                "prefix": ""
              }
            ],
            "customer_owned_ipv4_pool": "",
            "desync_mitigation_mode": "defensive",
            "dns_name": "internal-tf-apptier-alb-1830427910.ap-south-1.elb.amazonaws.com",
            "dns_record_client_routing_policy": null,
            "drop_invalid_header_fields": false,
            "enable_cross_zone_load_balancing": true,
            "enable_deletion_protection": false,
            "enable_http2": true,
            "enable_tls_version_and_cipher_suite_headers": false,
            "enable_waf_fail_open": false,
            "enable_xff_client_port": false,
            "enforce_security_group_inbound_rules_on_private_link_traffic": "",
            "id": "arn:aws:elasticloadbalancing:ap-south-1:324354002889:loadbalancer/app/tf-apptier-alb/d1c7a385d14ae1a2",
            "idle_timeout": 60,
            "internal": true,
            "ip_address_type": "ipv4",
            "load_balancer_type": "application",
            "name": "tf-apptier-alb",
            "name_prefix": "",
            "preserve_host_header": false,
            "security_groups": [
              "sg-040893827d60c5c91"
            ],
            "subnet_mapping": [
              {
                "allocation_id": "",
                "ipv6_address": "",
                "outpost_id": "",
                "private_ipv4_address": "",
                "subnet_id": "subnet-099454e11f5f79522"
              },
              {
                "allocation_id": "",
                "ipv6_address": "",
                "outpost_id": "",
                "private_ipv4_address": "",
                "subnet_id": "subnet-0ae028af8ddeced95"
              }
            ],
            "subnets": [
              "subnet-099454e11f5f79522",
              "subnet-0ae028af8ddeced95"
            ],
            "tags": {
              "Kind": "practice",
              "Name": "tf-apptier-alb"
            },
            "tags_all": {
              "Kind": "practice",
              "Name": "tf-apptier-alb"
            },
            "timeouts": null,
            "vpc_id": "vpc-0ecdc30d2e5c3d11a",
            "xff_header_processing_mode": "append",
            "zone_id": "ZP97RAFLXTNZK"
          },
          "sensitive_attributes": [],
          "private": "eyJlMmJmYjczMC1lY2FhLTExZTYtOGY4OC0zNDM2M2JjN2M0YzAiOnsiY3JlYXRlIjo2MDAwMDAwMDAwMDAsImRlbGV0ZSI6NjAwMDAwMDAwMDAwLCJ1cGRhdGUiOjYwMDAwMDAwMDAwMH19",
          "dependencies": [
            "module.my_vpc.aws_vpc.my_vpc",
            "module.sg_alb_app.aws_security_group.sg",
            "module.subnet-priv-1a.aws_subnet.subnet",
            "module.subnet-priv-1b.aws_subnet.subnet"
          ]
        }
      ]
    },
    {
      "module": "module.appTier-tg",
      "mode": "managed",
      "type": "aws_lb_target_group",
      "name": "tg",
      "provider": "provider[\"registry.terraform.io/hashicorp/aws\"]",
      "instances": [
        {
          "schema_version": 0,
          "attributes": {
            "arn": "arn:aws:elasticloadbalancing:ap-south-1:324354002889:targetgroup/tf-appTier-tg/fedbf66940b459dc",
            "arn_suffix": "targetgroup/tf-appTier-tg/fedbf66940b459dc",
            "connection_termination": null,
            "deregistration_delay": "300",
            "health_check": [
              {
                "enabled": true,
                "healthy_threshold": 5,
                "interval": 30,
                "matcher": "200",
                "path": "/",
                "port": "traffic-port",
                "protocol": "HTTP",
                "timeout": 5,
                "unhealthy_threshold": 2
              }
            ],
            "id": "arn:aws:elasticloadbalancing:ap-south-1:324354002889:targetgroup/tf-appTier-tg/fedbf66940b459dc",
            "ip_address_type": "ipv4",
            "lambda_multi_value_headers_enabled": false,
            "load_balancer_arns": [
              "arn:aws:elasticloadbalancing:ap-south-1:324354002889:loadbalancer/app/tf-apptier-alb/d1c7a385d14ae1a2"
            ],
            "load_balancing_algorithm_type": "round_robin",
            "load_balancing_anomaly_mitigation": "off",
            "load_balancing_cross_zone_enabled": "use_load_balancer_configuration",
            "name": "tf-appTier-tg",
            "name_prefix": "",
            "port": 80,
            "preserve_client_ip": null,
            "protocol": "HTTP",
            "protocol_version": "HTTP1",
            "proxy_protocol_v2": false,
            "slow_start": 0,
            "stickiness": [
              {
                "cookie_duration": 86400,
                "cookie_name": "",
                "enabled": false,
                "type": "lb_cookie"
              }
            ],
            "tags": {
              "Kind": "practice",
              "Name": "tf-apptier-tg"
            },
            "tags_all": {
              "Kind": "practice",
              "Name": "tf-apptier-tg"
            },
            "target_failover": [
              {
                "on_deregistration": null,
                "on_unhealthy": null
              }
            ],
            "target_health_state": [
              {
                "enable_unhealthy_connection_termination": null
              }
            ],
            "target_type": "instance",
            "vpc_id": "vpc-0ecdc30d2e5c3d11a"
          },
          "sensitive_attributes": [],
          "private": "bnVsbA==",
          "dependencies": [
            "module.my_vpc.aws_vpc.my_vpc"
          ]
        }
      ]
    },
    {
      "module": "module.app_asg1",
      "mode": "managed",
      "type": "aws_autoscaling_group",
      "name": "my_asg1",
      "provider": "provider[\"registry.terraform.io/hashicorp/aws\"]",
      "instances": [
        {
          "schema_version": 1,
          "attributes": {
            "arn": "arn:aws:autoscaling:ap-south-1:324354002889:autoScalingGroup:2a2aacc7-920a-4fdc-9f93-d7069167c7e9:autoScalingGroupName/terraform-20240228175348876200000006",
            "availability_zones": [
              "ap-south-1a"
            ],
            "capacity_rebalance": false,
            "context": "",
            "default_cooldown": 300,
            "default_instance_warmup": 0,
            "desired_capacity": 1,
            "desired_capacity_type": "",
            "enabled_metrics": [],
            "force_delete": false,
            "force_delete_warm_pool": false,
            "health_check_grace_period": 300,
            "health_check_type": "EC2",
            "id": "terraform-20240228175348876200000006",
            "ignore_failed_scaling_activities": false,
            "initial_lifecycle_hook": [],
            "instance_maintenance_policy": [],
            "instance_refresh": [],
            "launch_configuration": "",
            "launch_template": [
              {
                "id": "lt-0d8f379e30d3496c1",
                "name": "tf-appserver-20240228175348577000000004",
                "version": "$Latest"
              }
            ],
            "load_balancers": [],
            "max_instance_lifetime": 0,
            "max_size": 1,
            "metrics_granularity": "1Minute",
            "min_elb_capacity": null,
            "min_size": 1,
            "mixed_instances_policy": [],
            "name": "terraform-20240228175348876200000006",
            "name_prefix": "terraform-",
            "placement_group": "",
            "predicted_capacity": 0,
            "protect_from_scale_in": false,
            "service_linked_role_arn": "arn:aws:iam::324354002889:role/aws-service-role/autoscaling.amazonaws.com/AWSServiceRoleForAutoScaling",
            "suspended_processes": [],
            "tag": [],
            "target_group_arns": [
              "arn:aws:elasticloadbalancing:ap-south-1:324354002889:targetgroup/tf-appTier-tg/fedbf66940b459dc"
            ],
            "termination_policies": [],
            "timeouts": null,
            "traffic_source": [
              {
                "identifier": "arn:aws:elasticloadbalancing:ap-south-1:324354002889:targetgroup/tf-appTier-tg/fedbf66940b459dc",
                "type": "elbv2"
              }
            ],
            "vpc_zone_identifier": [
              "subnet-0ae028af8ddeced95"
            ],
            "wait_for_capacity_timeout": "10m",
            "wait_for_elb_capacity": null,
            "warm_pool": [],
            "warm_pool_size": 0
          },
          "sensitive_attributes": [],
          "private": "eyJlMmJmYjczMC1lY2FhLTExZTYtOGY4OC0zNDM2M2JjN2M0YzAiOnsiZGVsZXRlIjo2MDAwMDAwMDAwMDAsInVwZGF0ZSI6NjAwMDAwMDAwMDAwfSwic2NoZW1hX3ZlcnNpb24iOiIxIn0=",
          "dependencies": [
            "module.appTier-tg.aws_lb_target_group.tg",
            "module.apptier_lt.aws_launch_template.lt",
            "module.my_vpc.aws_vpc.my_vpc",
            "module.sg_alb_web.aws_security_group.sg",
            "module.sg_app_server.aws_security_group.sg",
            "module.subnet-priv-1a.aws_subnet.subnet"
          ]
        }
      ]
    },
    {
      "module": "module.app_asg2",
      "mode": "managed",
      "type": "aws_autoscaling_group",
      "name": "my_asg1",
      "provider": "provider[\"registry.terraform.io/hashicorp/aws\"]",
      "instances": [
        {
          "schema_version": 1,
          "attributes": {
            "arn": "arn:aws:autoscaling:ap-south-1:324354002889:autoScalingGroup:70837f26-bbcd-41a3-aaf9-218e4cd8ad62:autoScalingGroupName/terraform-20240228175348876200000007",
            "availability_zones": [
              "ap-south-1b"
            ],
            "capacity_rebalance": false,
            "context": "",
            "default_cooldown": 300,
            "default_instance_warmup": 0,
            "desired_capacity": 1,
            "desired_capacity_type": "",
            "enabled_metrics": [],
            "force_delete": false,
            "force_delete_warm_pool": false,
            "health_check_grace_period": 300,
            "health_check_type": "EC2",
            "id": "terraform-20240228175348876200000007",
            "ignore_failed_scaling_activities": false,
            "initial_lifecycle_hook": [],
            "instance_maintenance_policy": [],
            "instance_refresh": [],
            "launch_configuration": "",
            "launch_template": [
              {
                "id": "lt-0d8f379e30d3496c1",
                "name": "tf-appserver-20240228175348577000000004",
                "version": "$Latest"
              }
            ],
            "load_balancers": [],
            "max_instance_lifetime": 0,
            "max_size": 1,
            "metrics_granularity": "1Minute",
            "min_elb_capacity": null,
            "min_size": 1,
            "mixed_instances_policy": [],
            "name": "terraform-20240228175348876200000007",
            "name_prefix": "terraform-",
            "placement_group": "",
            "predicted_capacity": 0,
            "protect_from_scale_in": false,
            "service_linked_role_arn": "arn:aws:iam::324354002889:role/aws-service-role/autoscaling.amazonaws.com/AWSServiceRoleForAutoScaling",
            "suspended_processes": [],
            "tag": [],
            "target_group_arns": [
              "arn:aws:elasticloadbalancing:ap-south-1:324354002889:targetgroup/tf-appTier-tg/fedbf66940b459dc"
            ],
            "termination_policies": [],
            "timeouts": null,
            "traffic_source": [
              {
                "identifier": "arn:aws:elasticloadbalancing:ap-south-1:324354002889:targetgroup/tf-appTier-tg/fedbf66940b459dc",
                "type": "elbv2"
              }
            ],
            "vpc_zone_identifier": [
              "subnet-099454e11f5f79522"
            ],
            "wait_for_capacity_timeout": "10m",
            "wait_for_elb_capacity": null,
            "warm_pool": [],
            "warm_pool_size": 0
          },
          "sensitive_attributes": [],
          "private": "eyJlMmJmYjczMC1lY2FhLTExZTYtOGY4OC0zNDM2M2JjN2M0YzAiOnsiZGVsZXRlIjo2MDAwMDAwMDAwMDAsInVwZGF0ZSI6NjAwMDAwMDAwMDAwfSwic2NoZW1hX3ZlcnNpb24iOiIxIn0=",
          "dependencies": [
            "module.appTier-tg.aws_lb_target_group.tg",
            "module.apptier_lt.aws_launch_template.lt",
            "module.my_vpc.aws_vpc.my_vpc",
            "module.sg_alb_web.aws_security_group.sg",
            "module.sg_app_server.aws_security_group.sg",
            "module.subnet-priv-1b.aws_subnet.subnet"
          ]
        }
      ]
    },
    {
      "module": "module.apptier_lt",
      "mode": "managed",
      "type": "aws_launch_template",
      "name": "lt",
      "provider": "provider[\"registry.terraform.io/hashicorp/aws\"]",
      "instances": [
        {
          "schema_version": 0,
          "attributes": {
            "arn": "arn:aws:ec2:ap-south-1:324354002889:launch-template/lt-0d8f379e30d3496c1",
            "block_device_mappings": [],
            "capacity_reservation_specification": [],
            "cpu_options": [],
            "credit_specification": [],
            "default_version": 1,
            "description": "",
            "disable_api_stop": false,
            "disable_api_termination": false,
            "ebs_optimized": "",
            "elastic_gpu_specifications": [],
            "elastic_inference_accelerator": [],
            "enclave_options": [],
            "hibernation_options": [],
            "iam_instance_profile": [],
            "id": "lt-0d8f379e30d3496c1",
            "image_id": "ami-093613b5938a7e47c",
            "instance_initiated_shutdown_behavior": "",
            "instance_market_options": [],
            "instance_requirements": [],
            "instance_type": "t2.micro",
            "kernel_id": "",
            "key_name": "tf-keypair",
            "latest_version": 2,
            "license_specification": [],
            "maintenance_options": [],
            "metadata_options": [],
            "monitoring": [],
            "name": "tf-appserver-20240228175348577000000004",
            "name_prefix": "tf-appserver-",
            "network_interfaces": [],
            "placement": [],
            "private_dns_name_options": [],
            "ram_disk_id": "",
            "security_group_names": [],
            "tag_specifications": [],
            "tags": {
              "Kind": "practice",
              "Name": "tf-webtier_lt"
            },
            "tags_all": {
              "Kind": "practice",
              "Name": "tf-webtier_lt"
            },
            "update_default_version": null,
            "user_data": "IyEvYmluL2Jhc2gKc3VkbyB5dW0gdXBkYXRlIC15CnN1ZG8geXVtIGluc3RhbGwgaHR0cGQgLXkKI2NhdCAiIEFQUExJQ0FUSU9OIEhvc3RlZCAhISIgPj4gL3Zhci93d3cvaHRtbC9hcHAuaHRtbApzdWRvIHN5c3RlbWN0bCBzdGFydCBodHRwZApzdWRvIHN5c3RlbWN0bCBlbmFibGUgaHR0cGQKI2Noa2NvbmZpZyBodHRwZCBvbgplY2hvICI8aDE+VGhpcyB0ZXJyYWZvcm0gMy10aWVyIE1vZHVsZSBwcm9qZWN0IGlzIGZpbmFsbHkgV29ya2VkLkVDMiBpbnN0YW5jZSBsYXVuY2hlZCBpbiB1cy13ZXN0LTJhISEhPC9oMT4iID4gdmFyL3d3dy9odG1sL2luZGV4Lmh0bWw=",
            "vpc_security_group_ids": [
              "sg-04f651011cf7a1271"
            ]
          },
          "sensitive_attributes": [],
          "private": "bnVsbA==",
          "dependencies": [
            "module.my_vpc.aws_vpc.my_vpc",
            "module.sg_alb_web.aws_security_group.sg",
            "module.sg_app_server.aws_security_group.sg"
          ]
        }
      ]
    },
    {
      "module": "module.db",
      "mode": "managed",
      "type": "aws_db_instance",
      "name": "db",
      "provider": "provider[\"registry.terraform.io/hashicorp/aws\"]",
      "instances": [
        {
          "schema_version": 2,
          "attributes": {
            "address": "tf-db.cfccayaukrqv.ap-south-1.rds.amazonaws.com",
            "allocated_storage": 10,
            "allow_major_version_upgrade": null,
            "apply_immediately": false,
            "arn": "arn:aws:rds:ap-south-1:324354002889:db:tf-db",
            "auto_minor_version_upgrade": true,
            "availability_zone": "ap-south-1a",
            "backup_retention_period": 0,
            "backup_target": "region",
            "backup_window": "21:09-21:39",
            "blue_green_update": [],
            "ca_cert_identifier": "rds-ca-rsa2048-g1",
            "character_set_name": "",
            "copy_tags_to_snapshot": false,
            "custom_iam_instance_profile": "",
            "customer_owned_ip_enabled": false,
            "db_name": "mydb",
            "db_subnet_group_name": "tf-main",
            "delete_automated_backups": true,
            "deletion_protection": false,
            "domain": "",
            "domain_auth_secret_arn": "",
            "domain_dns_ips": [],
            "domain_fqdn": "",
            "domain_iam_role_name": "",
            "domain_ou": "",
            "enabled_cloudwatch_logs_exports": [],
            "endpoint": "tf-db.cfccayaukrqv.ap-south-1.rds.amazonaws.com:3306",
            "engine": "mysql",
            "engine_version": "5.7",
            "engine_version_actual": "5.7.44",
            "final_snapshot_identifier": null,
            "hosted_zone_id": "Z2VFMSZA74J7XZ",
            "iam_database_authentication_enabled": false,
            "id": "db-225WRSLEFBI45FAA2DQ7H3SBGQ",
            "identifier": "tf-db",
            "identifier_prefix": "",
            "instance_class": "db.t3.micro",
            "iops": 0,
            "kms_key_id": "",
            "latest_restorable_time": "",
            "license_model": "general-public-license",
            "listener_endpoint": [],
            "maintenance_window": "tue:11:09-tue:11:39",
            "manage_master_user_password": true,
            "master_user_secret": [
              {
                "kms_key_id": "arn:aws:kms:ap-south-1:324354002889:key/7ffb0dd3-dd5a-4a6f-bc23-ba089d080bcc",
                "secret_arn": "arn:aws:secretsmanager:ap-south-1:324354002889:secret:rds!db-49ce8296-96eb-4e09-b9a1-31cfeb1fb695-MnDtJM",
                "secret_status": "active"
              }
            ],
            "master_user_secret_kms_key_id": null,
            "max_allocated_storage": 20,
            "monitoring_interval": 0,
            "monitoring_role_arn": "",
            "multi_az": true,
            "nchar_character_set_name": "",
            "network_type": "IPV4",
            "option_group_name": "default:mysql-5-7",
            "parameter_group_name": "default.mysql5.7",
            "password": null,
            "performance_insights_enabled": false,
            "performance_insights_kms_key_id": "",
            "performance_insights_retention_period": 0,
            "port": 3306,
            "publicly_accessible": false,
            "replica_mode": "",
            "replicas": [],
            "replicate_source_db": "",
            "resource_id": "db-225WRSLEFBI45FAA2DQ7H3SBGQ",
            "restore_to_point_in_time": [],
            "s3_import": [],
            "skip_final_snapshot": true,
            "snapshot_identifier": null,
            "status": "available",
            "storage_encrypted": false,
            "storage_throughput": 0,
            "storage_type": "gp2",
            "tags": {
              "Kind": "practice",
              "Name": "tf-db"
            },
            "tags_all": {
              "Kind": "practice",
              "Name": "tf-db"
            },
            "timeouts": null,
            "timezone": "",
            "username": "harshita",
            "vpc_security_group_ids": [
              "sg-02fcd362ba224d5df"
            ]
          },
          "sensitive_attributes": [],
          "private": "eyJlMmJmYjczMC1lY2FhLTExZTYtOGY4OC0zNDM2M2JjN2M0YzAiOnsiY3JlYXRlIjoyNDAwMDAwMDAwMDAwLCJkZWxldGUiOjM2MDAwMDAwMDAwMDAsInVwZGF0ZSI6NDgwMDAwMDAwMDAwMH0sInNjaGVtYV92ZXJzaW9uIjoiMiJ9",
          "dependencies": [
            "module.db_subnet_group.aws_db_subnet_group.subnet_group",
            "module.my_vpc.aws_vpc.my_vpc",
            "module.sg_alb_web.aws_security_group.sg",
            "module.sg_app_server.aws_security_group.sg",
            "module.sg_rds.aws_security_group.sg",
            "module.subnet-rds-priv-1a.aws_subnet.subnet",
            "module.subnet-rds-priv-1b.aws_subnet.subnet"
          ]
        }
      ]
    },
    {
      "module": "module.db_subnet_group",
      "mode": "managed",
      "type": "aws_db_subnet_group",
      "name": "subnet_group",
      "provider": "provider[\"registry.terraform.io/hashicorp/aws\"]",
      "instances": [
        {
          "schema_version": 0,
          "attributes": {
            "arn": "arn:aws:rds:ap-south-1:324354002889:subgrp:tf-main",
            "description": "Managed by Terraform",
            "id": "tf-main",
            "name": "tf-main",
            "name_prefix": "",
            "subnet_ids": [
              "subnet-02d5b0dcf3acc4b62",
              "subnet-0e1035f53b7e29403"
            ],
            "supported_network_types": [
              "IPV4"
            ],
            "tags": {
              "Kind": "Practice",
              "Name": "My tf-DB subnet group"
            },
            "tags_all": {
              "Kind": "Practice",
              "Name": "My tf-DB subnet group"
            },
            "vpc_id": "vpc-0ecdc30d2e5c3d11a"
          },
          "sensitive_attributes": [],
          "private": "bnVsbA==",
          "dependencies": [
            "module.my_vpc.aws_vpc.my_vpc",
            "module.subnet-rds-priv-1a.aws_subnet.subnet",
            "module.subnet-rds-priv-1b.aws_subnet.subnet"
          ]
        }
      ]
    },
    {
      "module": "module.eip",
      "mode": "managed",
      "type": "aws_eip",
      "name": "my_eip",
      "provider": "provider[\"registry.terraform.io/hashicorp/aws\"]",
      "instances": [
        {
          "schema_version": 0,
          "attributes": {
            "address": null,
            "allocation_id": "eipalloc-09df10cef6b340b8f",
            "associate_with_private_ip": null,
            "association_id": "eipassoc-0734d568ef085ac39",
            "carrier_ip": "",
            "customer_owned_ip": "",
            "customer_owned_ipv4_pool": "",
            "domain": "vpc",
            "id": "eipalloc-09df10cef6b340b8f",
            "instance": "",
            "network_border_group": "ap-south-1",
            "network_interface": "eni-091da49c49c193d86",
            "private_dns": "ip-172-16-1-181.ap-south-1.compute.internal",
            "private_ip": "172.16.1.181",
            "public_dns": "ec2-3-6-34-154.ap-south-1.compute.amazonaws.com",
            "public_ip": "3.6.34.154",
            "public_ipv4_pool": "amazon",
            "tags": {
              "Kind": "practice",
              "Name": "tf-eip-1"
            },
            "tags_all": {
              "Kind": "practice",
              "Name": "tf-eip-1"
            },
            "timeouts": null,
            "vpc": true
          },
          "sensitive_attributes": [],
          "private": "eyJlMmJmYjczMC1lY2FhLTExZTYtOGY4OC0zNDM2M2JjN2M0YzAiOnsiZGVsZXRlIjoxODAwMDAwMDAwMDAsInJlYWQiOjkwMDAwMDAwMDAwMCwidXBkYXRlIjozMDAwMDAwMDAwMDB9fQ==",
          "dependencies": [
            "module.igw.aws_internet_gateway.my_igw",
            "module.my_vpc.aws_vpc.my_vpc"
          ]
        }
      ]
    },
    {
      "module": "module.http_listener_app",
      "mode": "managed",
      "type": "aws_lb_listener",
      "name": "lg",
      "provider": "provider[\"registry.terraform.io/hashicorp/aws\"]",
      "instances": [
        {
          "schema_version": 0,
          "attributes": {
            "alpn_policy": null,
            "arn": "arn:aws:elasticloadbalancing:ap-south-1:324354002889:listener/app/tf-apptier-alb/d1c7a385d14ae1a2/7286dc58615a8691",
            "certificate_arn": null,
            "default_action": [
              {
                "authenticate_cognito": [],
                "authenticate_oidc": [],
                "fixed_response": [],
                "forward": [],
                "order": 1,
                "redirect": [],
                "target_group_arn": "arn:aws:elasticloadbalancing:ap-south-1:324354002889:targetgroup/tf-appTier-tg/fedbf66940b459dc",
                "type": "forward"
              }
            ],
            "id": "arn:aws:elasticloadbalancing:ap-south-1:324354002889:listener/app/tf-apptier-alb/d1c7a385d14ae1a2/7286dc58615a8691",
            "load_balancer_arn": "arn:aws:elasticloadbalancing:ap-south-1:324354002889:loadbalancer/app/tf-apptier-alb/d1c7a385d14ae1a2",
            "mutual_authentication": [],
            "port": 80,
            "protocol": "HTTP",
            "ssl_policy": "",
            "tags": {},
            "tags_all": {},
            "timeouts": null
          },
          "sensitive_attributes": [],
          "private": "eyJlMmJmYjczMC1lY2FhLTExZTYtOGY4OC0zNDM2M2JjN2M0YzAiOnsiY3JlYXRlIjozMDAwMDAwMDAwMDAsInVwZGF0ZSI6MzAwMDAwMDAwMDAwfX0=",
          "dependencies": [
            "module.app-alb.aws_lb.my_alb",
            "module.appTier-tg.aws_lb_target_group.tg",
            "module.my_vpc.aws_vpc.my_vpc",
            "module.sg_alb_app.aws_security_group.sg",
            "module.subnet-priv-1a.aws_subnet.subnet",
            "module.subnet-priv-1b.aws_subnet.subnet"
          ]
        }
      ]
    },
    {
      "module": "module.http_listener_web",
      "mode": "managed",
      "type": "aws_lb_listener",
      "name": "lg",
      "provider": "provider[\"registry.terraform.io/hashicorp/aws\"]",
      "instances": [
        {
          "schema_version": 0,
          "attributes": {
            "alpn_policy": null,
            "arn": "arn:aws:elasticloadbalancing:ap-south-1:324354002889:listener/app/tf-webtier-alb/3a97613cdccac12b/a837f83c8d1d2e93",
            "certificate_arn": null,
            "default_action": [
              {
                "authenticate_cognito": [],
                "authenticate_oidc": [],
                "fixed_response": [],
                "forward": [],
                "order": 1,
                "redirect": [],
                "target_group_arn": "arn:aws:elasticloadbalancing:ap-south-1:324354002889:targetgroup/tf-webTier-tg/8ef8c2895a81828f",
                "type": "forward"
              }
            ],
            "id": "arn:aws:elasticloadbalancing:ap-south-1:324354002889:listener/app/tf-webtier-alb/3a97613cdccac12b/a837f83c8d1d2e93",
            "load_balancer_arn": "arn:aws:elasticloadbalancing:ap-south-1:324354002889:loadbalancer/app/tf-webtier-alb/3a97613cdccac12b",
            "mutual_authentication": [],
            "port": 80,
            "protocol": "HTTP",
            "ssl_policy": "",
            "tags": {},
            "tags_all": {},
            "timeouts": null
          },
          "sensitive_attributes": [],
          "private": "eyJlMmJmYjczMC1lY2FhLTExZTYtOGY4OC0zNDM2M2JjN2M0YzAiOnsiY3JlYXRlIjozMDAwMDAwMDAwMDAsInVwZGF0ZSI6MzAwMDAwMDAwMDAwfX0=",
          "dependencies": [
            "module.my_vpc.aws_vpc.my_vpc",
            "module.sg_alb_web.aws_security_group.sg",
            "module.subnet-pub-1a.aws_subnet.subnet",
            "module.subnet-pub-1b.aws_subnet.subnet",
            "module.web-alb.aws_lb.my_alb",
            "module.webTier-tg.aws_lb_target_group.tg"
          ]
        }
      ]
    },
    {
      "module": "module.igw",
      "mode": "managed",
      "type": "aws_internet_gateway",
      "name": "my_igw",
      "provider": "provider[\"registry.terraform.io/hashicorp/aws\"]",
      "instances": [
        {
          "schema_version": 0,
          "attributes": {
            "arn": "arn:aws:ec2:ap-south-1:324354002889:internet-gateway/igw-0dacad5f1a721995c",
            "id": "igw-0dacad5f1a721995c",
            "owner_id": "324354002889",
            "tags": {
              "Kind": "practice",
              "Name": "tf-igw"
            },
            "tags_all": {
              "Kind": "practice",
              "Name": "tf-igw"
            },
            "timeouts": null,
            "vpc_id": "vpc-0ecdc30d2e5c3d11a"
          },
          "sensitive_attributes": [],
          "private": "eyJlMmJmYjczMC1lY2FhLTExZTYtOGY4OC0zNDM2M2JjN2M0YzAiOnsiY3JlYXRlIjoxMjAwMDAwMDAwMDAwLCJkZWxldGUiOjEyMDAwMDAwMDAwMDAsInVwZGF0ZSI6MTIwMDAwMDAwMDAwMH19",
          "dependencies": [
            "module.my_vpc.aws_vpc.my_vpc"
          ]
        }
      ]
    },
    {
      "module": "module.my_vpc",
      "mode": "managed",
      "type": "aws_vpc",
      "name": "my_vpc",
      "provider": "provider[\"registry.terraform.io/hashicorp/aws\"]",
      "instances": [
        {
          "schema_version": 1,
          "attributes": {
            "arn": "arn:aws:ec2:ap-south-1:324354002889:vpc/vpc-0ecdc30d2e5c3d11a",
            "assign_generated_ipv6_cidr_block": false,
            "cidr_block": "172.16.0.0/16",
            "default_network_acl_id": "acl-032fe1394ecb981d6",
            "default_route_table_id": "rtb-0a4594a4face0a85f",
            "default_security_group_id": "sg-07cd2be477b37feaf",
            "dhcp_options_id": "dopt-0433b7e17e9339ea1",
            "enable_dns_hostnames": false,
            "enable_dns_support": true,
            "enable_network_address_usage_metrics": false,
            "id": "vpc-0ecdc30d2e5c3d11a",
            "instance_tenancy": "default",
            "ipv4_ipam_pool_id": null,
            "ipv4_netmask_length": null,
            "ipv6_association_id": "",
            "ipv6_cidr_block": "",
            "ipv6_cidr_block_network_border_group": "",
            "ipv6_ipam_pool_id": "",
            "ipv6_netmask_length": 0,
            "main_route_table_id": "rtb-0a4594a4face0a85f",
            "owner_id": "324354002889",
            "tags": {
              "Kind": "practice",
              "Name": "tf-vpc"
            },
            "tags_all": {
              "Kind": "practice",
              "Name": "tf-vpc"
            }
          },
          "sensitive_attributes": [],
          "private": "eyJzY2hlbWFfdmVyc2lvbiI6IjEifQ=="
        }
      ]
    },
    {
      "module": "module.nat",
      "mode": "managed",
      "type": "aws_nat_gateway",
      "name": "my_nat",
      "provider": "provider[\"registry.terraform.io/hashicorp/aws\"]",
      "instances": [
        {
          "schema_version": 0,
          "attributes": {
            "allocation_id": "eipalloc-09df10cef6b340b8f",
            "association_id": "eipassoc-0734d568ef085ac39",
            "connectivity_type": "public",
            "id": "nat-093b2e86abe36f81b",
            "network_interface_id": "eni-091da49c49c193d86",
            "private_ip": "172.16.1.181",
            "public_ip": "3.6.34.154",
            "secondary_allocation_ids": [],
            "secondary_private_ip_address_count": 0,
            "secondary_private_ip_addresses": [],
            "subnet_id": "subnet-0b27ca2105b78bdf0",
            "tags": {
              "Kind": "practice",
              "Name": "tf-nat-1"
            },
            "tags_all": {
              "Kind": "practice",
              "Name": "tf-nat-1"
            },
            "timeouts": null
          },
          "sensitive_attributes": [],
          "private": "eyJlMmJmYjczMC1lY2FhLTExZTYtOGY4OC0zNDM2M2JjN2M0YzAiOnsiY3JlYXRlIjo2MDAwMDAwMDAwMDAsImRlbGV0ZSI6MTgwMDAwMDAwMDAwMCwidXBkYXRlIjo2MDAwMDAwMDAwMDB9fQ==",
          "dependencies": [
            "module.eip.aws_eip.my_eip",
            "module.igw.aws_internet_gateway.my_igw",
            "module.my_vpc.aws_vpc.my_vpc",
            "module.subnet-pub-1a.aws_subnet.subnet"
          ]
        }
      ]
    },
    {
      "module": "module.private_rt",
      "mode": "managed",
      "type": "aws_route_table",
      "name": "my_rt",
      "provider": "provider[\"registry.terraform.io/hashicorp/aws\"]",
      "instances": [
        {
          "schema_version": 0,
          "attributes": {
            "arn": "arn:aws:ec2:ap-south-1:324354002889:route-table/rtb-0c7cc4735820feb23",
            "id": "rtb-0c7cc4735820feb23",
            "owner_id": "324354002889",
            "propagating_vgws": [],
            "route": [
              {
                "carrier_gateway_id": "",
                "cidr_block": "0.0.0.0/0",
                "core_network_arn": "",
                "destination_prefix_list_id": "",
                "egress_only_gateway_id": "",
                "gateway_id": "nat-093b2e86abe36f81b",
                "ipv6_cidr_block": "",
                "local_gateway_id": "",
                "nat_gateway_id": "",
                "network_interface_id": "",
                "transit_gateway_id": "",
                "vpc_endpoint_id": "",
                "vpc_peering_connection_id": ""
              }
            ],
            "tags": {
              "Kind": "practice",
              "Name": "tf-rt-private"
            },
            "tags_all": {
              "Kind": "practice",
              "Name": "tf-rt-private"
            },
            "timeouts": null,
            "vpc_id": "vpc-0ecdc30d2e5c3d11a"
          },
          "sensitive_attributes": [],
          "private": "eyJlMmJmYjczMC1lY2FhLTExZTYtOGY4OC0zNDM2M2JjN2M0YzAiOnsiY3JlYXRlIjozMDAwMDAwMDAwMDAsImRlbGV0ZSI6MzAwMDAwMDAwMDAwLCJ1cGRhdGUiOjEyMDAwMDAwMDAwMH19",
          "dependencies": [
            "module.eip.aws_eip.my_eip",
            "module.igw.aws_internet_gateway.my_igw",
            "module.my_vpc.aws_vpc.my_vpc",
            "module.nat.aws_nat_gateway.my_nat",
            "module.subnet-pub-1a.aws_subnet.subnet"
          ]
        }
      ]
    },
    {
      "module": "module.public_rt",
      "mode": "managed",
      "type": "aws_route_table",
      "name": "my_rt",
      "provider": "provider[\"registry.terraform.io/hashicorp/aws\"]",
      "instances": [
        {
          "schema_version": 0,
          "attributes": {
            "arn": "arn:aws:ec2:ap-south-1:324354002889:route-table/rtb-086f12620ae167b3a",
            "id": "rtb-086f12620ae167b3a",
            "owner_id": "324354002889",
            "propagating_vgws": [],
            "route": [
              {
                "carrier_gateway_id": "",
                "cidr_block": "0.0.0.0/0",
                "core_network_arn": "",
                "destination_prefix_list_id": "",
                "egress_only_gateway_id": "",
                "gateway_id": "igw-0dacad5f1a721995c",
                "ipv6_cidr_block": "",
                "local_gateway_id": "",
                "nat_gateway_id": "",
                "network_interface_id": "",
                "transit_gateway_id": "",
                "vpc_endpoint_id": "",
                "vpc_peering_connection_id": ""
              }
            ],
            "tags": {
              "Kind": "practice",
              "Name": "tf-rt-public"
            },
            "tags_all": {
              "Kind": "practice",
              "Name": "tf-rt-public"
            },
            "timeouts": null,
            "vpc_id": "vpc-0ecdc30d2e5c3d11a"
          },
          "sensitive_attributes": [],
          "private": "eyJlMmJmYjczMC1lY2FhLTExZTYtOGY4OC0zNDM2M2JjN2M0YzAiOnsiY3JlYXRlIjozMDAwMDAwMDAwMDAsImRlbGV0ZSI6MzAwMDAwMDAwMDAwLCJ1cGRhdGUiOjEyMDAwMDAwMDAwMH19",
          "dependencies": [
            "module.igw.aws_internet_gateway.my_igw",
            "module.my_vpc.aws_vpc.my_vpc"
          ]
        }
      ]
    },
    {
      "module": "module.rt_ass_priv_1a",
      "mode": "managed",
      "type": "aws_route_table_association",
      "name": "rt_association",
      "provider": "provider[\"registry.terraform.io/hashicorp/aws\"]",
      "instances": [
        {
          "schema_version": 0,
          "attributes": {
            "gateway_id": "",
            "id": "rtbassoc-01fc0e6db86ef490f",
            "route_table_id": "rtb-0c7cc4735820feb23",
            "subnet_id": "subnet-0ae028af8ddeced95",
            "timeouts": null
          },
          "sensitive_attributes": [],
          "private": "eyJlMmJmYjczMC1lY2FhLTExZTYtOGY4OC0zNDM2M2JjN2M0YzAiOnsiY3JlYXRlIjozMDAwMDAwMDAwMDAsImRlbGV0ZSI6MzAwMDAwMDAwMDAwLCJ1cGRhdGUiOjEyMDAwMDAwMDAwMH19",
          "dependencies": [
            "module.eip.aws_eip.my_eip",
            "module.igw.aws_internet_gateway.my_igw",
            "module.my_vpc.aws_vpc.my_vpc",
            "module.nat.aws_nat_gateway.my_nat",
            "module.private_rt.aws_route_table.my_rt",
            "module.subnet-priv-1a.aws_subnet.subnet",
            "module.subnet-pub-1a.aws_subnet.subnet"
          ]
        }
      ]
    },
    {
      "module": "module.rt_ass_priv_1b",
      "mode": "managed",
      "type": "aws_route_table_association",
      "name": "rt_association",
      "provider": "provider[\"registry.terraform.io/hashicorp/aws\"]",
      "instances": [
        {
          "schema_version": 0,
          "attributes": {
            "gateway_id": "",
            "id": "rtbassoc-079aeae88195df6c6",
            "route_table_id": "rtb-0c7cc4735820feb23",
            "subnet_id": "subnet-099454e11f5f79522",
            "timeouts": null
          },
          "sensitive_attributes": [],
          "private": "eyJlMmJmYjczMC1lY2FhLTExZTYtOGY4OC0zNDM2M2JjN2M0YzAiOnsiY3JlYXRlIjozMDAwMDAwMDAwMDAsImRlbGV0ZSI6MzAwMDAwMDAwMDAwLCJ1cGRhdGUiOjEyMDAwMDAwMDAwMH19",
          "dependencies": [
            "module.eip.aws_eip.my_eip",
            "module.igw.aws_internet_gateway.my_igw",
            "module.my_vpc.aws_vpc.my_vpc",
            "module.nat.aws_nat_gateway.my_nat",
            "module.private_rt.aws_route_table.my_rt",
            "module.subnet-priv-1b.aws_subnet.subnet",
            "module.subnet-pub-1a.aws_subnet.subnet"
          ]
        }
      ]
    },
    {
      "module": "module.rt_ass_pub_1a",
      "mode": "managed",
      "type": "aws_route_table_association",
      "name": "rt_association",
      "provider": "provider[\"registry.terraform.io/hashicorp/aws\"]",
      "instances": [
        {
          "schema_version": 0,
          "attributes": {
            "gateway_id": "",
            "id": "rtbassoc-0995941dd6fb3be94",
            "route_table_id": "rtb-086f12620ae167b3a",
            "subnet_id": "subnet-0b27ca2105b78bdf0",
            "timeouts": null
          },
          "sensitive_attributes": [],
          "private": "eyJlMmJmYjczMC1lY2FhLTExZTYtOGY4OC0zNDM2M2JjN2M0YzAiOnsiY3JlYXRlIjozMDAwMDAwMDAwMDAsImRlbGV0ZSI6MzAwMDAwMDAwMDAwLCJ1cGRhdGUiOjEyMDAwMDAwMDAwMH19",
          "dependencies": [
            "module.igw.aws_internet_gateway.my_igw",
            "module.my_vpc.aws_vpc.my_vpc",
            "module.public_rt.aws_route_table.my_rt",
            "module.subnet-pub-1a.aws_subnet.subnet"
          ]
        }
      ]
    },
    {
      "module": "module.rt_ass_pub_1b",
      "mode": "managed",
      "type": "aws_route_table_association",
      "name": "rt_association",
      "provider": "provider[\"registry.terraform.io/hashicorp/aws\"]",
      "instances": [
        {
          "schema_version": 0,
          "attributes": {
            "gateway_id": "",
            "id": "rtbassoc-0a91f1b8191450aa1",
            "route_table_id": "rtb-086f12620ae167b3a",
            "subnet_id": "subnet-010a00fe72d3a62d8",
            "timeouts": null
          },
          "sensitive_attributes": [],
          "private": "eyJlMmJmYjczMC1lY2FhLTExZTYtOGY4OC0zNDM2M2JjN2M0YzAiOnsiY3JlYXRlIjozMDAwMDAwMDAwMDAsImRlbGV0ZSI6MzAwMDAwMDAwMDAwLCJ1cGRhdGUiOjEyMDAwMDAwMDAwMH19",
          "dependencies": [
            "module.igw.aws_internet_gateway.my_igw",
            "module.my_vpc.aws_vpc.my_vpc",
            "module.public_rt.aws_route_table.my_rt",
            "module.subnet-pub-1b.aws_subnet.subnet"
          ]
        }
      ]
    },
    {
      "module": "module.rt_ass_rds_priv_1a",
      "mode": "managed",
      "type": "aws_route_table_association",
      "name": "rt_association",
      "provider": "provider[\"registry.terraform.io/hashicorp/aws\"]",
      "instances": [
        {
          "schema_version": 0,
          "attributes": {
            "gateway_id": "",
            "id": "rtbassoc-065ae17f04e9d70b4",
            "route_table_id": "rtb-0c7cc4735820feb23",
            "subnet_id": "subnet-0e1035f53b7e29403",
            "timeouts": null
          },
          "sensitive_attributes": [],
          "private": "eyJlMmJmYjczMC1lY2FhLTExZTYtOGY4OC0zNDM2M2JjN2M0YzAiOnsiY3JlYXRlIjozMDAwMDAwMDAwMDAsImRlbGV0ZSI6MzAwMDAwMDAwMDAwLCJ1cGRhdGUiOjEyMDAwMDAwMDAwMH19",
          "dependencies": [
            "module.eip.aws_eip.my_eip",
            "module.igw.aws_internet_gateway.my_igw",
            "module.my_vpc.aws_vpc.my_vpc",
            "module.nat.aws_nat_gateway.my_nat",
            "module.private_rt.aws_route_table.my_rt",
            "module.subnet-pub-1a.aws_subnet.subnet",
            "module.subnet-rds-priv-1a.aws_subnet.subnet"
          ]
        }
      ]
    },
    {
      "module": "module.rt_ass_rds_priv_1b",
      "mode": "managed",
      "type": "aws_route_table_association",
      "name": "rt_association",
      "provider": "provider[\"registry.terraform.io/hashicorp/aws\"]",
      "instances": [
        {
          "schema_version": 0,
          "attributes": {
            "gateway_id": "",
            "id": "rtbassoc-0e978851570564de8",
            "route_table_id": "rtb-0c7cc4735820feb23",
            "subnet_id": "subnet-02d5b0dcf3acc4b62",
            "timeouts": null
          },
          "sensitive_attributes": [],
          "private": "eyJlMmJmYjczMC1lY2FhLTExZTYtOGY4OC0zNDM2M2JjN2M0YzAiOnsiY3JlYXRlIjozMDAwMDAwMDAwMDAsImRlbGV0ZSI6MzAwMDAwMDAwMDAwLCJ1cGRhdGUiOjEyMDAwMDAwMDAwMH19",
          "dependencies": [
            "module.eip.aws_eip.my_eip",
            "module.igw.aws_internet_gateway.my_igw",
            "module.my_vpc.aws_vpc.my_vpc",
            "module.nat.aws_nat_gateway.my_nat",
            "module.private_rt.aws_route_table.my_rt",
            "module.subnet-pub-1a.aws_subnet.subnet",
            "module.subnet-rds-priv-1b.aws_subnet.subnet"
          ]
        }
      ]
    },
    {
      "module": "module.sg_alb_app",
      "mode": "managed",
      "type": "aws_security_group",
      "name": "sg",
      "provider": "provider[\"registry.terraform.io/hashicorp/aws\"]",
      "instances": [
        {
          "schema_version": 1,
          "attributes": {
            "arn": "arn:aws:ec2:ap-south-1:324354002889:security-group/sg-040893827d60c5c91",
            "description": " SG for APP ALB",
            "egress": [
              {
                "cidr_blocks": [
                  "0.0.0.0/0"
                ],
                "description": "allow",
                "from_port": 0,
                "ipv6_cidr_blocks": [],
                "prefix_list_ids": [],
                "protocol": "-1",
                "security_groups": [],
                "self": false,
                "to_port": 0
              }
            ],
            "id": "sg-040893827d60c5c91",
            "ingress": [
              {
                "cidr_blocks": [
                  "0.0.0.0/0"
                ],
                "description": "allow on 443",
                "from_port": 443,
                "ipv6_cidr_blocks": [],
                "prefix_list_ids": [],
                "protocol": "tcp",
                "security_groups": [],
                "self": false,
                "to_port": 443
              },
              {
                "cidr_blocks": [
                  "0.0.0.0/0"
                ],
                "description": "allow on 80",
                "from_port": 80,
                "ipv6_cidr_blocks": [],
                "prefix_list_ids": [],
                "protocol": "tcp",
                "security_groups": [],
                "self": false,
                "to_port": 80
              }
            ],
            "name": "app-alb-sg",
            "name_prefix": "",
            "owner_id": "324354002889",
            "revoke_rules_on_delete": false,
            "tags": {
              "Kind": "practice",
              "Name": "tf-app-alb-sg"
            },
            "tags_all": {
              "Kind": "practice",
              "Name": "tf-app-alb-sg"
            },
            "timeouts": null,
            "vpc_id": "vpc-0ecdc30d2e5c3d11a"
          },
          "sensitive_attributes": [],
          "private": "eyJlMmJmYjczMC1lY2FhLTExZTYtOGY4OC0zNDM2M2JjN2M0YzAiOnsiY3JlYXRlIjo2MDAwMDAwMDAwMDAsImRlbGV0ZSI6OTAwMDAwMDAwMDAwfSwic2NoZW1hX3ZlcnNpb24iOiIxIn0=",
          "dependencies": [
            "module.my_vpc.aws_vpc.my_vpc"
          ]
        }
      ]
    },
    {
      "module": "module.sg_alb_web",
      "mode": "managed",
      "type": "aws_security_group",
      "name": "sg",
      "provider": "provider[\"registry.terraform.io/hashicorp/aws\"]",
      "instances": [
        {
          "schema_version": 1,
          "attributes": {
            "arn": "arn:aws:ec2:ap-south-1:324354002889:security-group/sg-0e989370ca1300c09",
            "description": " SG for WEB ALB",
            "egress": [
              {
                "cidr_blocks": [
                  "0.0.0.0/0"
                ],
                "description": "allow",
                "from_port": 0,
                "ipv6_cidr_blocks": [],
                "prefix_list_ids": [],
                "protocol": "-1",
                "security_groups": [],
                "self": false,
                "to_port": 0
              }
            ],
            "id": "sg-0e989370ca1300c09",
            "ingress": [
              {
                "cidr_blocks": [
                  "0.0.0.0/0"
                ],
                "description": "allow on 443",
                "from_port": 443,
                "ipv6_cidr_blocks": [],
                "prefix_list_ids": [],
                "protocol": "tcp",
                "security_groups": [],
                "self": false,
                "to_port": 443
              },
              {
                "cidr_blocks": [
                  "0.0.0.0/0"
                ],
                "description": "allow on 80",
                "from_port": 80,
                "ipv6_cidr_blocks": [],
                "prefix_list_ids": [],
                "protocol": "tcp",
                "security_groups": [],
                "self": false,
                "to_port": 80
              }
            ],
            "name": "web-alb-sg",
            "name_prefix": "",
            "owner_id": "324354002889",
            "revoke_rules_on_delete": false,
            "tags": {
              "Kind": "practice",
              "Name": "tf-web-alb-sg"
            },
            "tags_all": {
              "Kind": "practice",
              "Name": "tf-web-alb-sg"
            },
            "timeouts": null,
            "vpc_id": "vpc-0ecdc30d2e5c3d11a"
          },
          "sensitive_attributes": [],
          "private": "eyJlMmJmYjczMC1lY2FhLTExZTYtOGY4OC0zNDM2M2JjN2M0YzAiOnsiY3JlYXRlIjo2MDAwMDAwMDAwMDAsImRlbGV0ZSI6OTAwMDAwMDAwMDAwfSwic2NoZW1hX3ZlcnNpb24iOiIxIn0=",
          "dependencies": [
            "module.my_vpc.aws_vpc.my_vpc"
          ]
        }
      ]
    },
    {
      "module": "module.sg_app_server",
      "mode": "managed",
      "type": "aws_security_group",
      "name": "sg",
      "provider": "provider[\"registry.terraform.io/hashicorp/aws\"]",
      "instances": [
        {
          "schema_version": 1,
          "attributes": {
            "arn": "arn:aws:ec2:ap-south-1:324354002889:security-group/sg-04f651011cf7a1271",
            "description": " SG for app_server",
            "egress": [
              {
                "cidr_blocks": [
                  "0.0.0.0/0"
                ],
                "description": "allow",
                "from_port": 0,
                "ipv6_cidr_blocks": [],
                "prefix_list_ids": [],
                "protocol": "-1",
                "security_groups": [],
                "self": false,
                "to_port": 0
              }
            ],
            "id": "sg-04f651011cf7a1271",
            "ingress": [
              {
                "cidr_blocks": [],
                "description": "allow on 443",
                "from_port": 443,
                "ipv6_cidr_blocks": [],
                "prefix_list_ids": [],
                "protocol": "tcp",
                "security_groups": [
                  "sg-0e989370ca1300c09"
                ],
                "self": false,
                "to_port": 443
              },
              {
                "cidr_blocks": [],
                "description": "allow on 80",
                "from_port": 80,
                "ipv6_cidr_blocks": [],
                "prefix_list_ids": [],
                "protocol": "tcp",
                "security_groups": [
                  "sg-0e989370ca1300c09"
                ],
                "self": false,
                "to_port": 80
              }
            ],
            "name": "app_server-sg",
            "name_prefix": "",
            "owner_id": "324354002889",
            "revoke_rules_on_delete": false,
            "tags": {
              "Kind": "practice",
              "Name": "tf-app_server-sg"
            },
            "tags_all": {
              "Kind": "practice",
              "Name": "tf-app_server-sg"
            },
            "timeouts": null,
            "vpc_id": "vpc-0ecdc30d2e5c3d11a"
          },
          "sensitive_attributes": [],
          "private": "eyJlMmJmYjczMC1lY2FhLTExZTYtOGY4OC0zNDM2M2JjN2M0YzAiOnsiY3JlYXRlIjo2MDAwMDAwMDAwMDAsImRlbGV0ZSI6OTAwMDAwMDAwMDAwfSwic2NoZW1hX3ZlcnNpb24iOiIxIn0=",
          "dependencies": [
            "module.my_vpc.aws_vpc.my_vpc",
            "module.sg_alb_web.aws_security_group.sg"
          ]
        }
      ]
    },
    {
      "module": "module.sg_rds",
      "mode": "managed",
      "type": "aws_security_group",
      "name": "sg",
      "provider": "provider[\"registry.terraform.io/hashicorp/aws\"]",
      "instances": [
        {
          "schema_version": 1,
          "attributes": {
            "arn": "arn:aws:ec2:ap-south-1:324354002889:security-group/sg-02fcd362ba224d5df",
            "description": "SG for rds",
            "egress": [
              {
                "cidr_blocks": [],
                "description": "allow",
                "from_port": 3306,
                "ipv6_cidr_blocks": [],
                "prefix_list_ids": [],
                "protocol": "tcp",
                "security_groups": [
                  "sg-04f651011cf7a1271"
                ],
                "self": false,
                "to_port": 3306
              }
            ],
            "id": "sg-02fcd362ba224d5df",
            "ingress": [
              {
                "cidr_blocks": [],
                "description": "allow on 3306",
                "from_port": 3306,
                "ipv6_cidr_blocks": [],
                "prefix_list_ids": [],
                "protocol": "tcp",
                "security_groups": [
                  "sg-04f651011cf7a1271"
                ],
                "self": false,
                "to_port": 3306
              }
            ],
            "name": "tf_sg_rds",
            "name_prefix": "",
            "owner_id": "324354002889",
            "revoke_rules_on_delete": false,
            "tags": {
              "Kind": "practice",
              "Name": "tf-db-sg"
            },
            "tags_all": {
              "Kind": "practice",
              "Name": "tf-db-sg"
            },
            "timeouts": null,
            "vpc_id": "vpc-0ecdc30d2e5c3d11a"
          },
          "sensitive_attributes": [],
          "private": "eyJlMmJmYjczMC1lY2FhLTExZTYtOGY4OC0zNDM2M2JjN2M0YzAiOnsiY3JlYXRlIjo2MDAwMDAwMDAwMDAsImRlbGV0ZSI6OTAwMDAwMDAwMDAwfSwic2NoZW1hX3ZlcnNpb24iOiIxIn0=",
          "dependencies": [
            "module.my_vpc.aws_vpc.my_vpc",
            "module.sg_alb_web.aws_security_group.sg",
            "module.sg_app_server.aws_security_group.sg"
          ]
        }
      ]
    },
    {
      "module": "module.sg_web_server",
      "mode": "managed",
      "type": "aws_security_group",
      "name": "sg",
      "provider": "provider[\"registry.terraform.io/hashicorp/aws\"]",
      "instances": [
        {
          "schema_version": 1,
          "attributes": {
            "arn": "arn:aws:ec2:ap-south-1:324354002889:security-group/sg-010b95fc8fdacdbfb",
            "description": " SG for web_server",
            "egress": [
              {
                "cidr_blocks": [
                  "0.0.0.0/0"
                ],
                "description": "allow",
                "from_port": 0,
                "ipv6_cidr_blocks": [],
                "prefix_list_ids": [],
                "protocol": "-1",
                "security_groups": [],
                "self": false,
                "to_port": 0
              }
            ],
            "id": "sg-010b95fc8fdacdbfb",
            "ingress": [
              {
                "cidr_blocks": [],
                "description": "allow on 443",
                "from_port": 443,
                "ipv6_cidr_blocks": [],
                "prefix_list_ids": [],
                "protocol": "tcp",
                "security_groups": [
                  "sg-0e989370ca1300c09"
                ],
                "self": false,
                "to_port": 443
              },
              {
                "cidr_blocks": [],
                "description": "allow on 80",
                "from_port": 80,
                "ipv6_cidr_blocks": [],
                "prefix_list_ids": [],
                "protocol": "tcp",
                "security_groups": [
                  "sg-0e989370ca1300c09"
                ],
                "self": false,
                "to_port": 80
              }
            ],
            "name": "web_server-sg",
            "name_prefix": "",
            "owner_id": "324354002889",
            "revoke_rules_on_delete": false,
            "tags": {
              "Kind": "practice",
              "Name": "tf-web_server-sg"
            },
            "tags_all": {
              "Kind": "practice",
              "Name": "tf-web_server-sg"
            },
            "timeouts": null,
            "vpc_id": "vpc-0ecdc30d2e5c3d11a"
          },
          "sensitive_attributes": [],
          "private": "eyJlMmJmYjczMC1lY2FhLTExZTYtOGY4OC0zNDM2M2JjN2M0YzAiOnsiY3JlYXRlIjo2MDAwMDAwMDAwMDAsImRlbGV0ZSI6OTAwMDAwMDAwMDAwfSwic2NoZW1hX3ZlcnNpb24iOiIxIn0=",
          "dependencies": [
            "module.my_vpc.aws_vpc.my_vpc",
            "module.sg_alb_web.aws_security_group.sg"
          ]
        }
      ]
    },
    {
      "module": "module.subnet-priv-1a",
      "mode": "managed",
      "type": "aws_subnet",
      "name": "subnet",
      "provider": "provider[\"registry.terraform.io/hashicorp/aws\"]",
      "instances": [
        {
          "schema_version": 1,
          "attributes": {
            "arn": "arn:aws:ec2:ap-south-1:324354002889:subnet/subnet-0ae028af8ddeced95",
            "assign_ipv6_address_on_creation": false,
            "availability_zone": "ap-south-1a",
            "availability_zone_id": "aps1-az1",
            "cidr_block": "172.16.3.0/24",
            "customer_owned_ipv4_pool": "",
            "enable_dns64": false,
            "enable_lni_at_device_index": 0,
            "enable_resource_name_dns_a_record_on_launch": false,
            "enable_resource_name_dns_aaaa_record_on_launch": false,
            "id": "subnet-0ae028af8ddeced95",
            "ipv6_cidr_block": "",
            "ipv6_cidr_block_association_id": "",
            "ipv6_native": false,
            "map_customer_owned_ip_on_launch": false,
            "map_public_ip_on_launch": false,
            "outpost_arn": "",
            "owner_id": "324354002889",
            "private_dns_hostname_type_on_launch": "ip-name",
            "tags": {
              "Kind": "practice",
              "Name": "tf-priv-ap-south-1a"
            },
            "tags_all": {
              "Kind": "practice",
              "Name": "tf-priv-ap-south-1a"
            },
            "timeouts": null,
            "vpc_id": "vpc-0ecdc30d2e5c3d11a"
          },
          "sensitive_attributes": [],
          "private": "eyJlMmJmYjczMC1lY2FhLTExZTYtOGY4OC0zNDM2M2JjN2M0YzAiOnsiY3JlYXRlIjo2MDAwMDAwMDAwMDAsImRlbGV0ZSI6MTIwMDAwMDAwMDAwMH0sInNjaGVtYV92ZXJzaW9uIjoiMSJ9",
          "dependencies": [
            "module.my_vpc.aws_vpc.my_vpc"
          ]
        }
      ]
    },
    {
      "module": "module.subnet-priv-1b",
      "mode": "managed",
      "type": "aws_subnet",
      "name": "subnet",
      "provider": "provider[\"registry.terraform.io/hashicorp/aws\"]",
      "instances": [
        {
          "schema_version": 1,
          "attributes": {
            "arn": "arn:aws:ec2:ap-south-1:324354002889:subnet/subnet-099454e11f5f79522",
            "assign_ipv6_address_on_creation": false,
            "availability_zone": "ap-south-1b",
            "availability_zone_id": "aps1-az3",
            "cidr_block": "172.16.4.0/24",
            "customer_owned_ipv4_pool": "",
            "enable_dns64": false,
            "enable_lni_at_device_index": 0,
            "enable_resource_name_dns_a_record_on_launch": false,
            "enable_resource_name_dns_aaaa_record_on_launch": false,
            "id": "subnet-099454e11f5f79522",
            "ipv6_cidr_block": "",
            "ipv6_cidr_block_association_id": "",
            "ipv6_native": false,
            "map_customer_owned_ip_on_launch": false,
            "map_public_ip_on_launch": false,
            "outpost_arn": "",
            "owner_id": "324354002889",
            "private_dns_hostname_type_on_launch": "ip-name",
            "tags": {
              "Kind": "practice",
              "Name": "tf-priv-ap-south-1b"
            },
            "tags_all": {
              "Kind": "practice",
              "Name": "tf-priv-ap-south-1b"
            },
            "timeouts": null,
            "vpc_id": "vpc-0ecdc30d2e5c3d11a"
          },
          "sensitive_attributes": [],
          "private": "eyJlMmJmYjczMC1lY2FhLTExZTYtOGY4OC0zNDM2M2JjN2M0YzAiOnsiY3JlYXRlIjo2MDAwMDAwMDAwMDAsImRlbGV0ZSI6MTIwMDAwMDAwMDAwMH0sInNjaGVtYV92ZXJzaW9uIjoiMSJ9",
          "dependencies": [
            "module.my_vpc.aws_vpc.my_vpc"
          ]
        }
      ]
    },
    {
      "module": "module.subnet-pub-1a",
      "mode": "managed",
      "type": "aws_subnet",
      "name": "subnet",
      "provider": "provider[\"registry.terraform.io/hashicorp/aws\"]",
      "instances": [
        {
          "schema_version": 1,
          "attributes": {
            "arn": "arn:aws:ec2:ap-south-1:324354002889:subnet/subnet-0b27ca2105b78bdf0",
            "assign_ipv6_address_on_creation": false,
            "availability_zone": "ap-south-1a",
            "availability_zone_id": "aps1-az1",
            "cidr_block": "172.16.1.0/24",
            "customer_owned_ipv4_pool": "",
            "enable_dns64": false,
            "enable_lni_at_device_index": 0,
            "enable_resource_name_dns_a_record_on_launch": false,
            "enable_resource_name_dns_aaaa_record_on_launch": false,
            "id": "subnet-0b27ca2105b78bdf0",
            "ipv6_cidr_block": "",
            "ipv6_cidr_block_association_id": "",
            "ipv6_native": false,
            "map_customer_owned_ip_on_launch": false,
            "map_public_ip_on_launch": true,
            "outpost_arn": "",
            "owner_id": "324354002889",
            "private_dns_hostname_type_on_launch": "ip-name",
            "tags": {
              "Kind": "practice",
              "Name": "tf-pub-ap-south-1a"
            },
            "tags_all": {
              "Kind": "practice",
              "Name": "tf-pub-ap-south-1a"
            },
            "timeouts": null,
            "vpc_id": "vpc-0ecdc30d2e5c3d11a"
          },
          "sensitive_attributes": [],
          "private": "eyJlMmJmYjczMC1lY2FhLTExZTYtOGY4OC0zNDM2M2JjN2M0YzAiOnsiY3JlYXRlIjo2MDAwMDAwMDAwMDAsImRlbGV0ZSI6MTIwMDAwMDAwMDAwMH0sInNjaGVtYV92ZXJzaW9uIjoiMSJ9",
          "dependencies": [
            "module.my_vpc.aws_vpc.my_vpc"
          ]
        }
      ]
    },
    {
      "module": "module.subnet-pub-1b",
      "mode": "managed",
      "type": "aws_subnet",
      "name": "subnet",
      "provider": "provider[\"registry.terraform.io/hashicorp/aws\"]",
      "instances": [
        {
          "schema_version": 1,
          "attributes": {
            "arn": "arn:aws:ec2:ap-south-1:324354002889:subnet/subnet-010a00fe72d3a62d8",
            "assign_ipv6_address_on_creation": false,
            "availability_zone": "ap-south-1b",
            "availability_zone_id": "aps1-az3",
            "cidr_block": "172.16.2.0/24",
            "customer_owned_ipv4_pool": "",
            "enable_dns64": false,
            "enable_lni_at_device_index": 0,
            "enable_resource_name_dns_a_record_on_launch": false,
            "enable_resource_name_dns_aaaa_record_on_launch": false,
            "id": "subnet-010a00fe72d3a62d8",
            "ipv6_cidr_block": "",
            "ipv6_cidr_block_association_id": "",
            "ipv6_native": false,
            "map_customer_owned_ip_on_launch": false,
            "map_public_ip_on_launch": true,
            "outpost_arn": "",
            "owner_id": "324354002889",
            "private_dns_hostname_type_on_launch": "ip-name",
            "tags": {
              "Kind": "practice",
              "Name": "tf-pub-ap-south-1b"
            },
            "tags_all": {
              "Kind": "practice",
              "Name": "tf-pub-ap-south-1b"
            },
            "timeouts": null,
            "vpc_id": "vpc-0ecdc30d2e5c3d11a"
          },
          "sensitive_attributes": [],
          "private": "eyJlMmJmYjczMC1lY2FhLTExZTYtOGY4OC0zNDM2M2JjN2M0YzAiOnsiY3JlYXRlIjo2MDAwMDAwMDAwMDAsImRlbGV0ZSI6MTIwMDAwMDAwMDAwMH0sInNjaGVtYV92ZXJzaW9uIjoiMSJ9",
          "dependencies": [
            "module.my_vpc.aws_vpc.my_vpc"
          ]
        }
      ]
    },
    {
      "module": "module.subnet-rds-priv-1a",
      "mode": "managed",
      "type": "aws_subnet",
      "name": "subnet",
      "provider": "provider[\"registry.terraform.io/hashicorp/aws\"]",
      "instances": [
        {
          "schema_version": 1,
          "attributes": {
            "arn": "arn:aws:ec2:ap-south-1:324354002889:subnet/subnet-0e1035f53b7e29403",
            "assign_ipv6_address_on_creation": false,
            "availability_zone": "ap-south-1a",
            "availability_zone_id": "aps1-az1",
            "cidr_block": "172.16.5.0/24",
            "customer_owned_ipv4_pool": "",
            "enable_dns64": false,
            "enable_lni_at_device_index": 0,
            "enable_resource_name_dns_a_record_on_launch": false,
            "enable_resource_name_dns_aaaa_record_on_launch": false,
            "id": "subnet-0e1035f53b7e29403",
            "ipv6_cidr_block": "",
            "ipv6_cidr_block_association_id": "",
            "ipv6_native": false,
            "map_customer_owned_ip_on_launch": false,
            "map_public_ip_on_launch": false,
            "outpost_arn": "",
            "owner_id": "324354002889",
            "private_dns_hostname_type_on_launch": "ip-name",
            "tags": {
              "Kind": "practice",
              "Name": "tf-priv-rds-ap-south-1a"
            },
            "tags_all": {
              "Kind": "practice",
              "Name": "tf-priv-rds-ap-south-1a"
            },
            "timeouts": null,
            "vpc_id": "vpc-0ecdc30d2e5c3d11a"
          },
          "sensitive_attributes": [],
          "private": "eyJlMmJmYjczMC1lY2FhLTExZTYtOGY4OC0zNDM2M2JjN2M0YzAiOnsiY3JlYXRlIjo2MDAwMDAwMDAwMDAsImRlbGV0ZSI6MTIwMDAwMDAwMDAwMH0sInNjaGVtYV92ZXJzaW9uIjoiMSJ9",
          "dependencies": [
            "module.my_vpc.aws_vpc.my_vpc"
          ]
        }
      ]
    },
    {
      "module": "module.subnet-rds-priv-1b",
      "mode": "managed",
      "type": "aws_subnet",
      "name": "subnet",
      "provider": "provider[\"registry.terraform.io/hashicorp/aws\"]",
      "instances": [
        {
          "schema_version": 1,
          "attributes": {
            "arn": "arn:aws:ec2:ap-south-1:324354002889:subnet/subnet-02d5b0dcf3acc4b62",
            "assign_ipv6_address_on_creation": false,
            "availability_zone": "ap-south-1b",
            "availability_zone_id": "aps1-az3",
            "cidr_block": "172.16.6.0/24",
            "customer_owned_ipv4_pool": "",
            "enable_dns64": false,
            "enable_lni_at_device_index": 0,
            "enable_resource_name_dns_a_record_on_launch": false,
            "enable_resource_name_dns_aaaa_record_on_launch": false,
            "id": "subnet-02d5b0dcf3acc4b62",
            "ipv6_cidr_block": "",
            "ipv6_cidr_block_association_id": "",
            "ipv6_native": false,
            "map_customer_owned_ip_on_launch": false,
            "map_public_ip_on_launch": false,
            "outpost_arn": "",
            "owner_id": "324354002889",
            "private_dns_hostname_type_on_launch": "ip-name",
            "tags": {
              "Kind": "practice",
              "Name": "tf-priv-rds-ap-south-1b"
            },
            "tags_all": {
              "Kind": "practice",
              "Name": "tf-priv-rds-ap-south-1b"
            },
            "timeouts": null,
            "vpc_id": "vpc-0ecdc30d2e5c3d11a"
          },
          "sensitive_attributes": [],
          "private": "eyJlMmJmYjczMC1lY2FhLTExZTYtOGY4OC0zNDM2M2JjN2M0YzAiOnsiY3JlYXRlIjo2MDAwMDAwMDAwMDAsImRlbGV0ZSI6MTIwMDAwMDAwMDAwMH0sInNjaGVtYV92ZXJzaW9uIjoiMSJ9",
          "dependencies": [
            "module.my_vpc.aws_vpc.my_vpc"
          ]
        }
      ]
    },
    {
      "module": "module.web-alb",
      "mode": "managed",
      "type": "aws_lb",
      "name": "my_alb",
      "provider": "provider[\"registry.terraform.io/hashicorp/aws\"]",
      "instances": [
        {
          "schema_version": 0,
          "attributes": {
            "access_logs": [
              {
                "bucket": "",
                "enabled": false,
                "prefix": ""
              }
            ],
            "arn": "arn:aws:elasticloadbalancing:ap-south-1:324354002889:loadbalancer/app/tf-webtier-alb/3a97613cdccac12b",
            "arn_suffix": "app/tf-webtier-alb/3a97613cdccac12b",
            "connection_logs": [
              {
                "bucket": "",
                "enabled": false,
                "prefix": ""
              }
            ],
            "customer_owned_ipv4_pool": "",
            "desync_mitigation_mode": "defensive",
            "dns_name": "tf-webtier-alb-439400222.ap-south-1.elb.amazonaws.com",
            "dns_record_client_routing_policy": null,
            "drop_invalid_header_fields": false,
            "enable_cross_zone_load_balancing": true,
            "enable_deletion_protection": false,
            "enable_http2": true,
            "enable_tls_version_and_cipher_suite_headers": false,
            "enable_waf_fail_open": false,
            "enable_xff_client_port": false,
            "enforce_security_group_inbound_rules_on_private_link_traffic": "",
            "id": "arn:aws:elasticloadbalancing:ap-south-1:324354002889:loadbalancer/app/tf-webtier-alb/3a97613cdccac12b",
            "idle_timeout": 60,
            "internal": false,
            "ip_address_type": "ipv4",
            "load_balancer_type": "application",
            "name": "tf-webtier-alb",
            "name_prefix": "",
            "preserve_host_header": false,
            "security_groups": [
              "sg-0e989370ca1300c09"
            ],
            "subnet_mapping": [
              {
                "allocation_id": "",
                "ipv6_address": "",
                "outpost_id": "",
                "private_ipv4_address": "",
                "subnet_id": "subnet-010a00fe72d3a62d8"
              },
              {
                "allocation_id": "",
                "ipv6_address": "",
                "outpost_id": "",
                "private_ipv4_address": "",
                "subnet_id": "subnet-0b27ca2105b78bdf0"
              }
            ],
            "subnets": [
              "subnet-010a00fe72d3a62d8",
              "subnet-0b27ca2105b78bdf0"
            ],
            "tags": {
              "Kind": "practice",
              "Name": "tf-webtier-alb"
            },
            "tags_all": {
              "Kind": "practice",
              "Name": "tf-webtier-alb"
            },
            "timeouts": null,
            "vpc_id": "vpc-0ecdc30d2e5c3d11a",
            "xff_header_processing_mode": "append",
            "zone_id": "ZP97RAFLXTNZK"
          },
          "sensitive_attributes": [],
          "private": "eyJlMmJmYjczMC1lY2FhLTExZTYtOGY4OC0zNDM2M2JjN2M0YzAiOnsiY3JlYXRlIjo2MDAwMDAwMDAwMDAsImRlbGV0ZSI6NjAwMDAwMDAwMDAwLCJ1cGRhdGUiOjYwMDAwMDAwMDAwMH19",
          "dependencies": [
            "module.my_vpc.aws_vpc.my_vpc",
            "module.sg_alb_web.aws_security_group.sg",
            "module.subnet-pub-1a.aws_subnet.subnet",
            "module.subnet-pub-1b.aws_subnet.subnet"
          ]
        }
      ]
    },
    {
      "module": "module.webTier-tg",
      "mode": "managed",
      "type": "aws_lb_target_group",
      "name": "tg",
      "provider": "provider[\"registry.terraform.io/hashicorp/aws\"]",
      "instances": [
        {
          "schema_version": 0,
          "attributes": {
            "arn": "arn:aws:elasticloadbalancing:ap-south-1:324354002889:targetgroup/tf-webTier-tg/8ef8c2895a81828f",
            "arn_suffix": "targetgroup/tf-webTier-tg/8ef8c2895a81828f",
            "connection_termination": null,
            "deregistration_delay": "300",
            "health_check": [
              {
                "enabled": true,
                "healthy_threshold": 5,
                "interval": 30,
                "matcher": "200",
                "path": "/",
                "port": "traffic-port",
                "protocol": "HTTP",
                "timeout": 5,
                "unhealthy_threshold": 2
              }
            ],
            "id": "arn:aws:elasticloadbalancing:ap-south-1:324354002889:targetgroup/tf-webTier-tg/8ef8c2895a81828f",
            "ip_address_type": "ipv4",
            "lambda_multi_value_headers_enabled": false,
            "load_balancer_arns": [
              "arn:aws:elasticloadbalancing:ap-south-1:324354002889:loadbalancer/app/tf-webtier-alb/3a97613cdccac12b"
            ],
            "load_balancing_algorithm_type": "round_robin",
            "load_balancing_anomaly_mitigation": "off",
            "load_balancing_cross_zone_enabled": "use_load_balancer_configuration",
            "name": "tf-webTier-tg",
            "name_prefix": "",
            "port": 80,
            "preserve_client_ip": null,
            "protocol": "HTTP",
            "protocol_version": "HTTP1",
            "proxy_protocol_v2": false,
            "slow_start": 0,
            "stickiness": [
              {
                "cookie_duration": 86400,
                "cookie_name": "",
                "enabled": false,
                "type": "lb_cookie"
              }
            ],
            "tags": {
              "Kind": "practice",
              "Name": "tf-webtier-tg"
            },
            "tags_all": {
              "Kind": "practice",
              "Name": "tf-webtier-tg"
            },
            "target_failover": [
              {
                "on_deregistration": null,
                "on_unhealthy": null
              }
            ],
            "target_health_state": [
              {
                "enable_unhealthy_connection_termination": null
              }
            ],
            "target_type": "instance",
            "vpc_id": "vpc-0ecdc30d2e5c3d11a"
          },
          "sensitive_attributes": [],
          "private": "bnVsbA==",
          "dependencies": [
            "module.my_vpc.aws_vpc.my_vpc"
          ]
        }
      ]
    },
    {
      "module": "module.web_asg1",
      "mode": "managed",
      "type": "aws_autoscaling_group",
      "name": "my_asg1",
      "provider": "provider[\"registry.terraform.io/hashicorp/aws\"]",
      "instances": [
        {
          "schema_version": 1,
          "attributes": {
            "arn": "arn:aws:autoscaling:ap-south-1:324354002889:autoScalingGroup:c4234985-d8f7-40d6-9b72-8bb730b0c859:autoScalingGroupName/terraform-2024022817535665840000000a",
            "availability_zones": [
              "ap-south-1a"
            ],
            "capacity_rebalance": false,
            "context": "",
            "default_cooldown": 300,
            "default_instance_warmup": 0,
            "desired_capacity": 1,
            "desired_capacity_type": "",
            "enabled_metrics": [],
            "force_delete": false,
            "force_delete_warm_pool": false,
            "health_check_grace_period": 300,
            "health_check_type": "EC2",
            "id": "terraform-2024022817535665840000000a",
            "ignore_failed_scaling_activities": false,
            "initial_lifecycle_hook": [],
            "instance_maintenance_policy": [],
            "instance_refresh": [],
            "launch_configuration": "",
            "launch_template": [
              {
                "id": "lt-0fa68b644f905879e",
                "name": "tf-webserver-20240228175348568500000002",
                "version": "$Latest"
              }
            ],
            "load_balancers": [],
            "max_instance_lifetime": 0,
            "max_size": 1,
            "metrics_granularity": "1Minute",
            "min_elb_capacity": null,
            "min_size": 1,
            "mixed_instances_policy": [],
            "name": "terraform-2024022817535665840000000a",
            "name_prefix": "terraform-",
            "placement_group": "",
            "predicted_capacity": 0,
            "protect_from_scale_in": false,
            "service_linked_role_arn": "arn:aws:iam::324354002889:role/aws-service-role/autoscaling.amazonaws.com/AWSServiceRoleForAutoScaling",
            "suspended_processes": [],
            "tag": [],
            "target_group_arns": [
              "arn:aws:elasticloadbalancing:ap-south-1:324354002889:targetgroup/tf-webTier-tg/8ef8c2895a81828f"
            ],
            "termination_policies": [],
            "timeouts": null,
            "traffic_source": [
              {
                "identifier": "arn:aws:elasticloadbalancing:ap-south-1:324354002889:targetgroup/tf-webTier-tg/8ef8c2895a81828f",
                "type": "elbv2"
              }
            ],
            "vpc_zone_identifier": [
              "subnet-0b27ca2105b78bdf0"
            ],
            "wait_for_capacity_timeout": "10m",
            "wait_for_elb_capacity": null,
            "warm_pool": [],
            "warm_pool_size": 0
          },
          "sensitive_attributes": [],
          "private": "eyJlMmJmYjczMC1lY2FhLTExZTYtOGY4OC0zNDM2M2JjN2M0YzAiOnsiZGVsZXRlIjo2MDAwMDAwMDAwMDAsInVwZGF0ZSI6NjAwMDAwMDAwMDAwfSwic2NoZW1hX3ZlcnNpb24iOiIxIn0=",
          "dependencies": [
            "module.my_vpc.aws_vpc.my_vpc",
            "module.sg_alb_web.aws_security_group.sg",
            "module.sg_web_server.aws_security_group.sg",
            "module.subnet-pub-1a.aws_subnet.subnet",
            "module.webTier-tg.aws_lb_target_group.tg",
            "module.webtier_lt.aws_launch_template.lt"
          ]
        }
      ]
    },
    {
      "module": "module.web_asg2",
      "mode": "managed",
      "type": "aws_autoscaling_group",
      "name": "my_asg1",
      "provider": "provider[\"registry.terraform.io/hashicorp/aws\"]",
      "instances": [
        {
          "schema_version": 1,
          "attributes": {
            "arn": "arn:aws:autoscaling:ap-south-1:324354002889:autoScalingGroup:eb124385-712d-4444-bf01-d2ad1a904693:autoScalingGroupName/terraform-20240228175356083800000008",
            "availability_zones": [
              "ap-south-1b"
            ],
            "capacity_rebalance": false,
            "context": "",
            "default_cooldown": 300,
            "default_instance_warmup": 0,
            "desired_capacity": 1,
            "desired_capacity_type": "",
            "enabled_metrics": [],
            "force_delete": false,
            "force_delete_warm_pool": false,
            "health_check_grace_period": 300,
            "health_check_type": "EC2",
            "id": "terraform-20240228175356083800000008",
            "ignore_failed_scaling_activities": false,
            "initial_lifecycle_hook": [],
            "instance_maintenance_policy": [],
            "instance_refresh": [],
            "launch_configuration": "",
            "launch_template": [
              {
                "id": "lt-0fa68b644f905879e",
                "name": "tf-webserver-20240228175348568500000002",
                "version": "$Latest"
              }
            ],
            "load_balancers": [],
            "max_instance_lifetime": 0,
            "max_size": 1,
            "metrics_granularity": "1Minute",
            "min_elb_capacity": null,
            "min_size": 1,
            "mixed_instances_policy": [],
            "name": "terraform-20240228175356083800000008",
            "name_prefix": "terraform-",
            "placement_group": "",
            "predicted_capacity": 0,
            "protect_from_scale_in": false,
            "service_linked_role_arn": "arn:aws:iam::324354002889:role/aws-service-role/autoscaling.amazonaws.com/AWSServiceRoleForAutoScaling",
            "suspended_processes": [],
            "tag": [],
            "target_group_arns": [
              "arn:aws:elasticloadbalancing:ap-south-1:324354002889:targetgroup/tf-webTier-tg/8ef8c2895a81828f"
            ],
            "termination_policies": [],
            "timeouts": null,
            "traffic_source": [
              {
                "identifier": "arn:aws:elasticloadbalancing:ap-south-1:324354002889:targetgroup/tf-webTier-tg/8ef8c2895a81828f",
                "type": "elbv2"
              }
            ],
            "vpc_zone_identifier": [
              "subnet-010a00fe72d3a62d8"
            ],
            "wait_for_capacity_timeout": "10m",
            "wait_for_elb_capacity": null,
            "warm_pool": [],
            "warm_pool_size": 0
          },
          "sensitive_attributes": [],
          "private": "eyJlMmJmYjczMC1lY2FhLTExZTYtOGY4OC0zNDM2M2JjN2M0YzAiOnsiZGVsZXRlIjo2MDAwMDAwMDAwMDAsInVwZGF0ZSI6NjAwMDAwMDAwMDAwfSwic2NoZW1hX3ZlcnNpb24iOiIxIn0=",
          "dependencies": [
            "module.my_vpc.aws_vpc.my_vpc",
            "module.sg_alb_web.aws_security_group.sg",
            "module.sg_web_server.aws_security_group.sg",
            "module.subnet-pub-1b.aws_subnet.subnet",
            "module.webTier-tg.aws_lb_target_group.tg",
            "module.webtier_lt.aws_launch_template.lt"
          ]
        }
      ]
    },
    {
      "module": "module.webtier_lt",
      "mode": "managed",
      "type": "aws_launch_template",
      "name": "lt",
      "provider": "provider[\"registry.terraform.io/hashicorp/aws\"]",
      "instances": [
        {
          "schema_version": 0,
          "attributes": {
            "arn": "arn:aws:ec2:ap-south-1:324354002889:launch-template/lt-0fa68b644f905879e",
            "block_device_mappings": [],
            "capacity_reservation_specification": [],
            "cpu_options": [],
            "credit_specification": [],
            "default_version": 1,
            "description": "",
            "disable_api_stop": false,
            "disable_api_termination": false,
            "ebs_optimized": "",
            "elastic_gpu_specifications": [],
            "elastic_inference_accelerator": [],
            "enclave_options": [],
            "hibernation_options": [],
            "iam_instance_profile": [],
            "id": "lt-0fa68b644f905879e",
            "image_id": "ami-093613b5938a7e47c",
            "instance_initiated_shutdown_behavior": "",
            "instance_market_options": [],
            "instance_requirements": [],
            "instance_type": "t2.micro",
            "kernel_id": "",
            "key_name": "tf-keypair",
            "latest_version": 2,
            "license_specification": [],
            "maintenance_options": [],
            "metadata_options": [],
            "monitoring": [],
            "name": "tf-webserver-20240228175348568500000002",
            "name_prefix": "tf-webserver-",
            "network_interfaces": [],
            "placement": [],
            "private_dns_name_options": [],
            "ram_disk_id": "",
            "security_group_names": [],
            "tag_specifications": [],
            "tags": {
              "Kind": "practice",
              "Name": "tf-webtier_lt"
            },
            "tags_all": {
              "Kind": "practice",
              "Name": "tf-webtier_lt"
            },
            "update_default_version": null,
            "user_data": "IyEvYmluL2Jhc2gKc3VkbyB5dW0gdXBkYXRlIC15CnN1ZG8geXVtIGluc3RhbGwgaHR0cGQgLXkKI3N1ZG8gdG91Y2ggL3Zhci93d3cvaHRtbC9ob21lLmh0bWwgCiNzdWRvIGNhdCAnV0VCU0lURSBIb3N0ZWQhIScgPj4gL3Zhci93d3cvaHRtbC9ob21lLmh0bWwgCnN1ZG8gc3lzdGVtY3RsIHN0YXJ0IGh0dHBkCnN1ZG8gc3lzdGVtY3RsIGVuYWJsZSBodHRwZAojY2hrY29uZmlnIGh0dHBkIG9uCmVjaG8gIjxoMT5UaGlzIHRlcnJhZm9ybSAzLXRpZXIgTW9kdWxlIHByb2plY3QgaXMgZmluYWxseSAhISE8L2gxPiIgPiB2YXIvd3d3L2h0bWwvaW5kZXguaHRtbAo=",
            "vpc_security_group_ids": [
              "sg-010b95fc8fdacdbfb"
            ]
          },
          "sensitive_attributes": [],
          "private": "bnVsbA==",
          "dependencies": [
            "module.my_vpc.aws_vpc.my_vpc",
            "module.sg_alb_web.aws_security_group.sg",
            "module.sg_web_server.aws_security_group.sg"
          ]
        }
      ]
    }
  ],
  "check_results": null
}
